{
  "name": "AIE425-recommendation-system",
  "lockfileVersion": 3,
  "requires": true,
  "packages": {
    "": {
      "dependencies": {
        "autoskills": "^0.3.4"
      }
    },
    "node_modules/autoskills": {
      "version": "0.3.4",
      "resolved": "https://registry.npmjs.org/autoskills/-/autoskills-0.3.4.tgz",
      "integrity": "sha512-VOZzuUQ1TL8DO60+FUgihrm3z/D2yLUKHN2HRFjPzFFLbm7buiGr71E598MPdnVFGp6opx6rkKnXrKs50ww8fA==",
      "license": "CC-BY-NC-4.0",
      "bin": {
        "autoskills": "index.mjs"
      },
      "engines": {
        "node": ">=22.6.0"
      }
    }
  }
}
